version = 1
revision = 3
requires-python = ">=3.13"

[[package]]
name = "cffi"
version = "1.17.1"
source = { registry = "https://pypi.org/simple" }
dependencies = [
    { name = "pycparser" },
]
sdist = { url = "https://files.pythonhosted.org/packages/fc/97/c783634659c2920c3fc70419e3af40972dbaf758daa229a7d6ea6135c90d/cffi-1.17.1.tar.gz", hash = "sha256:1c39c6016c32bc48dd54561950ebd6836e1670f2ae46128f67cf49e789c52824", size = 516621, upload-time = "2024-09-04T20:45:21.852Z" }
wheels = [
    { url = "https://files.pythonhosted.org/packages/8d/f8/dd6c246b148639254dad4d6803eb6a54e8c85c6e11ec9df2cffa87571dbe/cffi-1.17.1-cp313-cp313-macosx_10_13_x86_64.whl", hash = "sha256:f3a2b4222ce6b60e2e8b337bb9596923045681d71e5a082783484d845390938e", size = 182989, upload-time = "2024-09-04T20:44:28.956Z" },
    { url = "https://files.pythonhosted.org/packages/8b/f1/672d303ddf17c24fc83afd712316fda78dc6fce1cd53011b839483e1ecc8/cffi-1.17.1-cp313-cp313-macosx_11_0_arm64.whl", hash = "sha256:0984a4925a435b1da406122d4d7968dd861c1385afe3b45ba82b750f229811e2", size = 178802, upload-time = "2024-09-04T20:44:30.289Z" },
    { url = "https://files.pythonhosted.org/packages/0e/2d/eab2e858a91fdff70533cab61dcff4a1f55ec60425832ddfdc9cd36bc8af/cffi-1.17.1-cp313-cp313-manylinux_2_12_i686.manylinux2010_i686.manylinux_2_17_i686.manylinux2014_i686.whl", hash = "sha256:d01b12eeeb4427d3110de311e1774046ad344f5b1a7403101878976ecd7a10f3", size = 454792, upload-time = "2024-09-04T20:44:32.01Z" },
    { url = "https://files.pythonhosted.org/packages/75/b2/fbaec7c4455c604e29388d55599b99ebcc250a60050610fadde58932b7ee/cffi-1.17.1-cp313-cp313-manylinux_2_17_aarch64.manylinux2014_aarch64.whl", hash = "sha256:706510fe141c86a69c8ddc029c7910003a17353970cff3b904ff0686a5927683", size = 478893, upload-time = "2024-09-04T20:44:33.606Z" },
    { url = "https://files.pythonhosted.org/packages/4f/b7/6e4a2162178bf1935c336d4da8a9352cccab4d3a5d7914065490f08c0690/cffi-1.17.1-cp313-cp313-manylinux_2_17_ppc64le.manylinux2014_ppc64le.whl", hash = "sha256:de55b766c7aa2e2a3092c51e0483d700341182f08e67c63630d5b6f200bb28e5", size = 485810, upload-time = "2024-09-04T20:44:35.191Z" },
    { url = "https://files.pythonhosted.org/packages/c7/8a/1d0e4a9c26e54746dc08c2c6c037889124d4f59dffd853a659fa545f1b40/cffi-1.17.1-cp313-cp313-manylinux_2_17_s390x.manylinux2014_s390x.whl", hash = "sha256:c59d6e989d07460165cc5ad3c61f9fd8f1b4796eacbd81cee78957842b834af4", size = 471200, upload-time = "2024-09-04T20:44:36.743Z" },
    { url = "https://files.pythonhosted.org/packages/26/9f/1aab65a6c0db35f43c4d1b4f580e8df53914310afc10ae0397d29d697af4/cffi-1.17.1-cp313-cp313-manylinux_2_17_x86_64.manylinux2014_x86_64.whl", hash = "sha256:dd398dbc6773384a17fe0d3e7eeb8d1a21c2200473ee6806bb5e6a8e62bb73dd", size = 479447, upload-time = "2024-09-04T20:44:38.492Z" },
    { url = "https://files.pythonhosted.org/packages/5f/e4/fb8b3dd8dc0e98edf1135ff067ae070bb32ef9d509d6cb0f538cd6f7483f/cffi-1.17.1-cp313-cp313-musllinux_1_1_aarch64.whl", hash = "sha256:3edc8d958eb099c634dace3c7e16560ae474aa3803a5df240542b305d14e14ed", size = 484358, upload-time = "2024-09-04T20:44:40.046Z" },
    { url = "https://files.pythonhosted.org/packages/f1/47/d7145bf2dc04684935d57d67dff9d6d795b2ba2796806bb109864be3a151/cffi-1.17.1-cp313-cp313-musllinux_1_1_x86_64.whl", hash = "sha256:72e72408cad3d5419375fc87d289076ee319835bdfa2caad331e377589aebba9", size = 488469, upload-time = "2024-09-04T20:44:41.616Z" },
    { url = "https://files.pythonhosted.org/packages/bf/ee/f94057fa6426481d663b88637a9a10e859e492c73d0384514a17d78ee205/cffi-1.17.1-cp313-cp313-win32.whl", hash = "sha256:e03eab0a8677fa80d646b5ddece1cbeaf556c313dcfac435ba11f107ba117b5d", size = 172475, upload-time = "2024-09-04T20:44:43.733Z" },
    { url = "https://files.pythonhosted.org/packages/7c/fc/6a8cb64e5f0324877d503c854da15d76c1e50eb722e320b15345c4d0c6de/cffi-1.17.1-cp313-cp313-win_amd64.whl", hash = "sha256:f6a16c31041f09ead72d69f583767292f750d24913dadacf5756b966aacb3f1a", size = 182009, upload-time = "2024-09-04T20:44:45.309Z" },
]

[[package]]
name = "colorama"
version = "0.4.6"
source = { registry = "https://pypi.org/simple" }
sdist = { url = "https://files.pythonhosted.org/packages/d8/53/6f443c9a4a8358a93a6792e2acffb9d9d5cb0a5cfd8802644b7b1c9a02e4/colorama-0.4.6.tar.gz", hash = "sha256:08695f5cb7ed6e0531a20572697297273c47b8cae5a63ffc6d6ed5c201be6e44", size = 27697, upload-time = "2022-10-25T02:36:22.414Z" }
wheels = [
    { url = "https://files.pythonhosted.org/packages/d1/d6/3965ed04c63042e047cb6a3e6ed1a63a35087b6a609aa3a15ed8ac56c221/colorama-0.4.6-py2.py3-none-any.whl", hash = "sha256:4f1d9991f5acc0ca119f9d443620b77f9d6b33703e51011c16baf57afb285fc6", size = 25335, upload-time = "2022-10-25T02:36:20.889Z" },
]

[[package]]
name = "evdev"
version = "1.9.2"
source = { registry = "https://pypi.org/simple" }
sdist = { url = "https://files.pythonhosted.org/packages/63/fe/a17c106a1f4061ce83f04d14bcedcfb2c38c7793ea56bfb906a6fadae8cb/evdev-1.9.2.tar.gz", hash = "sha256:5d3278892ce1f92a74d6bf888cc8525d9f68af85dbe336c95d1c87fb8f423069", size = 33301, upload-time = "2025-05-01T19:53:47.69Z" }

[[package]]
name = "iniconfig"
version = "2.1.0"
source = { registry = "https://pypi.org/simple" }
sdist = { url = "https://files.pythonhosted.org/packages/f2/97/ebf4da567aa6827c909642694d71c9fcf53e5b504f2d96afea02718862f3/iniconfig-2.1.0.tar.gz", hash = "sha256:3abbd2e30b36733fee78f9c7f7308f2d0050e88f0087fd25c2645f63c773e1c7", size = 4793, upload-time = "2025-03-19T20:09:59.721Z" }
wheels = [
    { url = "https://files.pythonhosted.org/packages/2c/e1/e6716421ea10d38022b952c159d5161ca1193197fb744506875fbb87ea7b/iniconfig-2.1.0-py3-none-any.whl", hash = "sha256:9deba5723312380e77435581c6bf4935c94cbfab9b1ed33ef8d238ea168eb760", size = 6050, upload-time = "2025-03-19T20:10:01.071Z" },
]

[[package]]
name = "macro-recorder"
version = "0.1.0"
source = { virtual = "." }
dependencies = [
    { name = "pyautogui" },
    { name = "pynput" },
]

[package.dev-dependencies]
dev = [
    { name = "nuitka" },
    { name = "pytest" },
    { name = "ruff" },
]

[package.metadata]
requires-dist = [
    { name = "pyautogui", specifier = ">=0.9.54" },
    { name = "pynput", specifier = ">=1.8.1" },
]

[package.metadata.requires-dev]
dev = [
    { name = "nuitka", specifier = ">=2.7.12" },
    { name = "pytest", specifier = ">=8.4.1" },
    { name = "ruff", specifier = ">=0.12.7" },
]

[[package]]
name = "mouseinfo"
version = "0.1.3"
source = { registry = "https://pypi.org/simple" }
dependencies = [
    { name = "pyperclip" },
    { name = "python3-xlib", marker = "sys_platform == 'linux'" },
    { name = "rubicon-objc", marker = "sys_platform == 'darwin'" },
]
sdist = { url = "https://files.pythonhosted.org/packages/28/fa/b2ba8229b9381e8f6381c1dcae6f4159a7f72349e414ed19cfbbd1817173/MouseInfo-0.1.3.tar.gz", hash = "sha256:2c62fb8885062b8e520a3cce0a297c657adcc08c60952eb05bc8256ef6f7f6e7", size = 10850, upload-time = "2020-03-27T21:20:10.136Z" }

[[package]]
name = "nuitka"
version = "2.7.12"
source = { registry = "https://pypi.org/simple" }
dependencies = [
    { name = "ordered-set" },
    { name = "zstandard" },
]
sdist = { url = "https://files.pythonhosted.org/packages/9b/9c/f51b7c7dae304f2381b5af20a5ac6ccb56f0a773d16470b269146f5909db/Nuitka-2.7.12.tar.gz", hash = "sha256:ee28e5699005904e83250ad1b3192cf2c5b46bebbf4ae12f6fc5efa4a0368c16", size = 3887702, upload-time = "2025-07-08T16:04:10.371Z" }

[[package]]
name = "ordered-set"
version = "4.1.0"
source = { registry = "https://pypi.org/simple" }
sdist = { url = "https://files.pythonhosted.org/packages/4c/ca/bfac8bc689799bcca4157e0e0ced07e70ce125193fc2e166d2e685b7e2fe/ordered-set-4.1.0.tar.gz", hash = "sha256:694a8e44c87657c59292ede72891eb91d34131f6531463aab3009191c77364a8", size = 12826, upload-time = "2022-01-26T14:38:56.6Z" }
wheels = [
    { url = "https://files.pythonhosted.org/packages/33/55/af02708f230eb77084a299d7b08175cff006dea4f2721074b92cdb0296c0/ordered_set-4.1.0-py3-none-any.whl", hash = "sha256:046e1132c71fcf3330438a539928932caf51ddbc582496833e23de611de14562", size = 7634, upload-time = "2022-01-26T14:38:48.677Z" },
]

[[package]]
name = "packaging"
version = "25.0"
source = { registry = "https://pypi.org/simple" }
sdist = { url = "https://files.pythonhosted.org/packages/a1/d4/1fc4078c65507b51b96ca8f8c3ba19e6a61c8253c72794544580a7b6c24d/packaging-25.0.tar.gz", hash = "sha256:d443872c98d677bf60f6a1f2f8c1cb748e8fe762d2bf9d3148b5599295b0fc4f", size = 165727, upload-time = "2025-04-19T11:48:59.673Z" }
wheels = [
    { url = "https://files.pythonhosted.org/packages/20/12/38679034af332785aac8774540895e234f4d07f7545804097de4b666afd8/packaging-25.0-py3-none-any.whl", hash = "sha256:29572ef2b1f17581046b3a2227d5c611fb25ec70ca1ba8554b24b0e69331a484", size = 66469, upload-time = "2025-04-19T11:48:57.875Z" },
]

[[package]]
name = "pluggy"
version = "1.6.0"
source = { registry = "https://pypi.org/simple" }
sdist = { url = "https://files.pythonhosted.org/packages/f9/e2/3e91f31a7d2b083fe6ef3fa267035b518369d9511ffab804f839851d2779/pluggy-1.6.0.tar.gz", hash = "sha256:7dcc130b76258d33b90f61b658791dede3486c3e6bfb003ee5c9bfb396dd22f3", size = 69412, upload-time = "2025-05-15T12:30:07.975Z" }
wheels = [
    { url = "https://files.pythonhosted.org/packages/54/20/4d324d65cc6d9205fabedc306948156824eb9f0ee1633355a8f7ec5c66bf/pluggy-1.6.0-py3-none-any.whl", hash = "sha256:e920276dd6813095e9377c0bc5566d94c932c33b27a3e3945d8389c374dd4746", size = 20538, upload-time = "2025-05-15T12:30:06.134Z" },
]

[[package]]
name = "pyautogui"
version = "0.9.54"
source = { registry = "https://pypi.org/simple" }
dependencies = [
    { name = "mouseinfo" },
    { name = "pygetwindow" },
    { name = "pymsgbox" },
    { name = "pyobjc-core", marker = "sys_platform == 'darwin'" },
    { name = "pyobjc-framework-quartz", marker = "sys_platform == 'darwin'" },
    { name = "pyscreeze" },
    { name = "python3-xlib", marker = "sys_platform == 'linux'" },
    { name = "pytweening" },
]
sdist = { url = "https://files.pythonhosted.org/packages/65/ff/cdae0a8c2118a0de74b6cf4cbcdcaf8fd25857e6c3f205ce4b1794b27814/PyAutoGUI-0.9.54.tar.gz", hash = "sha256:dd1d29e8fd118941cb193f74df57e5c6ff8e9253b99c7b04f39cfc69f3ae04b2", size = 61236, upload-time = "2023-05-24T20:11:32.972Z" }

[[package]]
name = "pycparser"
version = "2.22"
source = { registry = "https://pypi.org/simple" }
sdist = { url = "https://files.pythonhosted.org/packages/1d/b2/31537cf4b1ca988837256c910a668b553fceb8f069bedc4b1c826024b52c/pycparser-2.22.tar.gz", hash = "sha256:491c8be9c040f5390f5bf44a5b07752bd07f56edf992381b05c701439eec10f6", size = 172736, upload-time = "2024-03-30T13:22:22.564Z" }
wheels = [
    { url = "https://files.pythonhosted.org/packages/13/a3/a812df4e2dd5696d1f351d58b8fe16a405b234ad2886a0dab9183fb78109/pycparser-2.22-py3-none-any.whl", hash = "sha256:c3702b6d3dd8c7abc1afa565d7e63d53a1d0bd86cdc24edd75470f4de499cfcc", size = 117552, upload-time = "2024-03-30T13:22:20.476Z" },
]

[[package]]
name = "pygetwindow"
version = "0.0.9"
source = { registry = "https://pypi.org/simple" }
dependencies = [
    { name = "pyrect" },
]
sdist = { url = "https://files.pythonhosted.org/packages/e1/70/c7a4f46dbf06048c6d57d9489b8e0f9c4c3d36b7479f03c5ca97eaa2541d/PyGetWindow-0.0.9.tar.gz", hash = "sha256:17894355e7d2b305cd832d717708384017c1698a90ce24f6f7fbf0242dd0a688", size = 9699, upload-time = "2020-10-04T02:12:50.806Z" }

[[package]]
name = "pygments"
version = "2.19.2"
source = { registry = "https://pypi.org/simple" }
sdist = { url = "https://files.pythonhosted.org/packages/b0/77/a5b8c569bf593b0140bde72ea885a803b82086995367bf2037de0159d924/pygments-2.19.2.tar.gz", hash = "sha256:636cb2477cec7f8952536970bc533bc43743542f70392ae026374600add5b887", size = 4968631, upload-time = "2025-06-21T13:39:12.283Z" }
wheels = [
    { url = "https://files.pythonhosted.org/packages/c7/21/705964c7812476f378728bdf590ca4b771ec72385c533964653c68e86bdc/pygments-2.19.2-py3-none-any.whl", hash = "sha256:86540386c03d588bb81d44bc3928634ff26449851e99741617ecb9037ee5ec0b", size = 1225217, upload-time = "2025-06-21T13:39:07.939Z" },
]

[[package]]
name = "pymsgbox"
version = "1.0.9"
source = { registry = "https://pypi.org/simple" }
sdist = { url = "https://files.pythonhosted.org/packages/7d/ff/4c6f31a4f08979f12a663f2aeb6c8b765d3bd592e66eaaac445f547bb875/PyMsgBox-1.0.9.tar.gz", hash = "sha256:2194227de8bff7a3d6da541848705a155dcbb2a06ee120d9f280a1d7f51263ff", size = 18829, upload-time = "2020-10-11T01:51:43.227Z" }

[[package]]
name = "pynput"
version = "1.8.1"
source = { registry = "https://pypi.org/simple" }
dependencies = [
    { name = "evdev", marker = "'linux' in sys_platform" },
    { name = "pyobjc-framework-applicationservices", marker = "sys_platform == 'darwin'" },
    { name = "pyobjc-framework-quartz", marker = "sys_platform == 'darwin'" },
    { name = "python-xlib", marker = "'linux' in sys_platform" },
    { name = "six" },
]
sdist = { url = "https://files.pythonhosted.org/packages/f0/c3/dccf44c68225046df5324db0cc7d563a560635355b3e5f1d249468268a6f/pynput-1.8.1.tar.gz", hash = "sha256:70d7c8373ee98911004a7c938742242840a5628c004573d84ba849d4601df81e", size = 82289, upload-time = "2025-03-17T17:12:01.481Z" }
wheels = [
    { url = "https://files.pythonhosted.org/packages/59/4f/ac3fa906ae8a375a536b12794128c5efacade9eaa917a35dfd27ce0c7400/pynput-1.8.1-py2.py3-none-any.whl", hash = "sha256:42dfcf27404459ca16ca889c8fb8ffe42a9fe54f722fd1a3e130728e59e768d2", size = 91693, upload-time = "2025-03-17T17:12:00.094Z" },
]

[[package]]
name = "pyobjc-core"
version = "11.1"
source = { registry = "https://pypi.org/simple" }
sdist = { url = "https://files.pythonhosted.org/packages/e8/e9/0b85c81e2b441267bca707b5d89f56c2f02578ef8f3eafddf0e0c0b8848c/pyobjc_core-11.1.tar.gz", hash = "sha256:b63d4d90c5df7e762f34739b39cc55bc63dbcf9fb2fb3f2671e528488c7a87fe", size = 974602, upload-time = "2025-06-14T20:56:34.189Z" }
wheels = [
    { url = "https://files.pythonhosted.org/packages/c5/24/12e4e2dae5f85fd0c0b696404ed3374ea6ca398e7db886d4f1322eb30799/pyobjc_core-11.1-cp313-cp313-macosx_10_13_universal2.whl", hash = "sha256:18986f83998fbd5d3f56d8a8428b2f3e0754fd15cef3ef786ca0d29619024f2c", size = 676431, upload-time = "2025-06-14T20:44:49.908Z" },
    { url = "https://files.pythonhosted.org/packages/f7/79/031492497624de4c728f1857181b06ce8c56444db4d49418fa459cba217c/pyobjc_core-11.1-cp313-cp313t-macosx_10_13_universal2.whl", hash = "sha256:8849e78cfe6595c4911fbba29683decfb0bf57a350aed8a43316976ba6f659d2", size = 719330, upload-time = "2025-06-14T20:44:51.621Z" },
    { url = "https://files.pythonhosted.org/packages/ed/7d/6169f16a0c7ec15b9381f8bf33872baf912de2ef68d96c798ca4c6ee641f/pyobjc_core-11.1-cp314-cp314-macosx_11_0_universal2.whl", hash = "sha256:8cb9ed17a8d84a312a6e8b665dd22393d48336ea1d8277e7ad20c19a38edf731", size = 667203, upload-time = "2025-06-14T20:44:53.262Z" },
    { url = "https://files.pythonhosted.org/packages/49/0f/f5ab2b0e57430a3bec9a62b6153c0e79c05a30d77b564efdb9f9446eeac5/pyobjc_core-11.1-cp314-cp314t-macosx_11_0_universal2.whl", hash = "sha256:f2455683e807f8541f0d83fbba0f5d9a46128ab0d5cc83ea208f0bec759b7f96", size = 708807, upload-time = "2025-06-14T20:44:54.851Z" },
]

[[package]]
name = "pyobjc-framework-applicationservices"
version = "11.1"
source = { registry = "https://pypi.org/simple" }
dependencies = [
    { name = "pyobjc-core" },
    { name = "pyobjc-framework-cocoa" },
    { name = "pyobjc-framework-coretext" },
    { name = "pyobjc-framework-quartz" },
]
sdist = { url = "https://files.pythonhosted.org/packages/be/3f/b33ce0cecc3a42f6c289dcbf9ff698b0d9e85f5796db2e9cb5dadccffbb9/pyobjc_framework_applicationservices-11.1.tar.gz", hash = "sha256:03fcd8c0c600db98fa8b85eb7b3bc31491701720c795e3f762b54e865138bbaf", size = 224842, upload-time = "2025-06-14T20:56:40.648Z" }
wheels = [
    { url = "https://files.pythonhosted.org/packages/c4/06/c2a309e6f37bfa73a2a581d3301321b2033e25b249e2a01e417a3c34e799/pyobjc_framework_applicationservices-11.1-cp313-cp313-macosx_10_13_universal2.whl", hash = "sha256:385a89f4d0838c97a331e247519d9e9745aa3f7427169d18570e3c664076a63c", size = 31072, upload-time = "2025-06-14T20:45:19.707Z" },
    { url = "https://files.pythonhosted.org/packages/b4/5f/357bf498c27f1b4d48385860d8374b2569adc1522aabe32befd77089c070/pyobjc_framework_applicationservices-11.1-cp313-cp313t-macosx_10_13_universal2.whl", hash = "sha256:f480fab20f3005e559c9d06c9a3874a1f1c60dde52c6d28a53ab59b45e79d55f", size = 31335, upload-time = "2025-06-14T20:45:20.462Z" },
    { url = "https://files.pythonhosted.org/packages/ab/b6/797fdd81399fe8251196f29a621ba3f3f04d5c579d95fd304489f5558202/pyobjc_framework_applicationservices-11.1-cp314-cp314-macosx_11_0_universal2.whl", hash = "sha256:e8dee91c6a14fd042f98819dc0ac4a182e0e816282565534032f0e544bfab143", size = 31196, upload-time = "2025-06-14T20:45:21.555Z" },
    { url = "https://files.pythonhosted.org/packages/68/45/47eba8d7cdf16d778240ed13fb405e8d712464170ed29d0463363a695194/pyobjc_framework_applicationservices-11.1-cp314-cp314t-macosx_11_0_universal2.whl", hash = "sha256:a0ce40a57a9b993793b6f72c4fd93f80618ef54a69d76a1da97b8360a2f3ffc5", size = 31446, upload-time = "2025-06-14T20:45:22.313Z" },
]

[[package]]
name = "pyobjc-framework-cocoa"
version = "11.1"
source = { registry = "https://pypi.org/simple" }
dependencies = [
    { name = "pyobjc-core" },
]
sdist = { url = "https://files.pythonhosted.org/packages/4b/c5/7a866d24bc026f79239b74d05e2cf3088b03263da66d53d1b4cf5207f5ae/pyobjc_framework_cocoa-11.1.tar.gz", hash = "sha256:87df76b9b73e7ca699a828ff112564b59251bb9bbe72e610e670a4dc9940d038", size = 5565335, upload-time = "2025-06-14T20:56:59.683Z" }
wheels = [
    { url = "https://files.pythonhosted.org/packages/4e/0b/a01477cde2a040f97e226f3e15e5ffd1268fcb6d1d664885a95ba592eca9/pyobjc_framework_cocoa-11.1-cp313-cp313-macosx_10_13_universal2.whl", hash = "sha256:54e93e1d9b0fc41c032582a6f0834befe1d418d73893968f3f450281b11603da", size = 389049, upload-time = "2025-06-14T20:46:53.757Z" },
    { url = "https://files.pythonhosted.org/packages/bc/e6/64cf2661f6ab7c124d0486ec6d1d01a9bb2838a0d2a46006457d8c5e6845/pyobjc_framework_cocoa-11.1-cp313-cp313t-macosx_10_13_universal2.whl", hash = "sha256:fd5245ee1997d93e78b72703be1289d75d88ff6490af94462b564892e9266350", size = 393110, upload-time = "2025-06-14T20:46:54.894Z" },
    { url = "https://files.pythonhosted.org/packages/33/87/01e35c5a3c5bbdc93d5925366421e10835fcd7b23347b6c267df1b16d0b3/pyobjc_framework_cocoa-11.1-cp314-cp314-macosx_11_0_universal2.whl", hash = "sha256:aede53a1afc5433e1e7d66568cc52acceeb171b0a6005407a42e8e82580b4fc0", size = 392644, upload-time = "2025-06-14T20:46:56.503Z" },
    { url = "https://files.pythonhosted.org/packages/c1/7c/54afe9ffee547c41e1161691e72067a37ed27466ac71c089bfdcd07ca70d/pyobjc_framework_cocoa-11.1-cp314-cp314t-macosx_11_0_universal2.whl", hash = "sha256:1b5de4e1757bb65689d6dc1f8d8717de9ec8587eb0c4831c134f13aba29f9b71", size = 396742, upload-time = "2025-06-14T20:46:57.64Z" },
]

[[package]]
name = "pyobjc-framework-coretext"
version = "11.1"
source = { registry = "https://pypi.org/simple" }
dependencies = [
    { name = "pyobjc-core" },
    { name = "pyobjc-framework-cocoa" },
    { name = "pyobjc-framework-quartz" },
]
sdist = { url = "https://files.pythonhosted.org/packages/65/e9/d3231c4f87d07b8525401fd6ad3c56607c9e512c5490f0a7a6abb13acab6/pyobjc_framework_coretext-11.1.tar.gz", hash = "sha256:a29bbd5d85c77f46a8ee81d381b847244c88a3a5a96ac22f509027ceceaffaf6", size = 274702, upload-time = "2025-06-14T20:57:16.059Z" }
wheels = [
    { url = "https://files.pythonhosted.org/packages/b0/d1/6ec2ef4f8133177203a742d5db4db90bbb3ae100aec8d17f667208da84c9/pyobjc_framework_coretext-11.1-cp313-cp313-macosx_10_13_universal2.whl", hash = "sha256:37e051e8f12a0f47a81b8efc8c902156eb5bc3d8123c43e5bd4cebd24c222228", size = 30180, upload-time = "2025-06-14T20:48:35.766Z" },
    { url = "https://files.pythonhosted.org/packages/0a/84/d4a95e49f6af59503ba257fbed0471b6932f0afe8b3725c018dd3ba40150/pyobjc_framework_coretext-11.1-cp313-cp313t-macosx_10_13_universal2.whl", hash = "sha256:56a3a02202e0d50be3c43e781c00f9f1859ab9b73a8342ff56260b908e911e37", size = 30768, upload-time = "2025-06-14T20:48:36.869Z" },
    { url = "https://files.pythonhosted.org/packages/64/4c/16e1504e06a5cb23eec6276835ddddb087637beba66cf84b5c587eba99be/pyobjc_framework_coretext-11.1-cp314-cp314-macosx_11_0_universal2.whl", hash = "sha256:15650ba99692d00953e91e53118c11636056a22c90d472020f7ba31500577bf5", size = 30155, upload-time = "2025-06-14T20:48:37.948Z" },
    { url = "https://files.pythonhosted.org/packages/ad/a4/cbfa9c874b2770fb1ba5c38c42b0e12a8b5aa177a5a86d0ad49b935aa626/pyobjc_framework_coretext-11.1-cp314-cp314t-macosx_11_0_universal2.whl", hash = "sha256:fb27f66a56660c31bb956191d64b85b95bac99cfb833f6e99622ca0ac4b3ba12", size = 30768, upload-time = "2025-06-14T20:48:38.734Z" },
]

[[package]]
name = "pyobjc-framework-quartz"
version = "11.1"
source = { registry = "https://pypi.org/simple" }
dependencies = [
    { name = "pyobjc-core" },
    { name = "pyobjc-framework-cocoa" },
]
sdist = { url = "https://files.pythonhosted.org/packages/c7/ac/6308fec6c9ffeda9942fef72724f4094c6df4933560f512e63eac37ebd30/pyobjc_framework_quartz-11.1.tar.gz", hash = "sha256:a57f35ccfc22ad48c87c5932818e583777ff7276605fef6afad0ac0741169f75", size = 3953275, upload-time = "2025-06-14T20:58:17.924Z" }
wheels = [
    { url = "https://files.pythonhosted.org/packages/bd/27/4f4fc0e6a0652318c2844608dd7c41e49ba6006ee5fb60c7ae417c338357/pyobjc_framework_quartz-11.1-cp313-cp313-macosx_10_13_universal2.whl", hash = "sha256:43a1138280571bbf44df27a7eef519184b5c4183a588598ebaaeb887b9e73e76", size = 216816, upload-time = "2025-06-14T20:53:37.358Z" },
    { url = "https://files.pythonhosted.org/packages/b8/8a/1d15e42496bef31246f7401aad1ebf0f9e11566ce0de41c18431715aafbc/pyobjc_framework_quartz-11.1-cp313-cp313t-macosx_10_13_universal2.whl", hash = "sha256:b23d81c30c564adf6336e00b357f355b35aad10075dd7e837cfd52a9912863e5", size = 221941, upload-time = "2025-06-14T20:53:38.34Z" },
    { url = "https://files.pythonhosted.org/packages/32/a8/a3f84d06e567efc12c104799c7fd015f9bea272a75f799eda8b79e8163c6/pyobjc_framework_quartz-11.1-cp314-cp314-macosx_11_0_universal2.whl", hash = "sha256:07cbda78b4a8fcf3a2d96e047a2ff01f44e3e1820f46f0f4b3b6d77ff6ece07c", size = 221312, upload-time = "2025-06-14T20:53:39.435Z" },
    { url = "https://files.pythonhosted.org/packages/76/ef/8c08d4f255bb3efe8806609d1f0b1ddd29684ab0f9ffb5e26d3ad7957b29/pyobjc_framework_quartz-11.1-cp314-cp314t-macosx_11_0_universal2.whl", hash = "sha256:39d02a3df4b5e3eee1e0da0fb150259476910d2a9aa638ab94153c24317a9561", size = 226353, upload-time = "2025-06-14T20:53:40.655Z" },
]

[[package]]
name = "pyperclip"
version = "1.9.0"
source = { registry = "https://pypi.org/simple" }
sdist = { url = "https://files.pythonhosted.org/packages/30/23/2f0a3efc4d6a32f3b63cdff36cd398d9701d26cda58e3ab97ac79fb5e60d/pyperclip-1.9.0.tar.gz", hash = "sha256:b7de0142ddc81bfc5c7507eea19da920b92252b548b96186caf94a5e2527d310", size = 20961, upload-time = "2024-06-18T20:38:48.401Z" }

[[package]]
name = "pyrect"
version = "0.2.0"
source = { registry = "https://pypi.org/simple" }
sdist = { url = "https://files.pythonhosted.org/packages/cb/04/2ba023d5f771b645f7be0c281cdacdcd939fe13d1deb331fc5ed1a6b3a98/PyRect-0.2.0.tar.gz", hash = "sha256:f65155f6df9b929b67caffbd57c0947c5ae5449d3b580d178074bffb47a09b78", size = 17219, upload-time = "2022-03-16T04:45:52.36Z" }

[[package]]
name = "pyscreeze"
version = "1.0.1"
source = { registry = "https://pypi.org/simple" }
sdist = { url = "https://files.pythonhosted.org/packages/ee/f0/cb456ac4f1a73723d5b866933b7986f02bacea27516629c00f8e7da94c2d/pyscreeze-1.0.1.tar.gz", hash = "sha256:cf1662710f1b46aa5ff229ee23f367da9e20af4a78e6e365bee973cad0ead4be", size = 27826, upload-time = "2024-08-20T23:03:07.291Z" }

[[package]]
name = "pytest"
version = "8.4.1"
source = { registry = "https://pypi.org/simple" }
dependencies = [
    { name = "colorama", marker = "sys_platform == 'win32'" },
    { name = "iniconfig" },
    { name = "packaging" },
    { name = "pluggy" },
    { name = "pygments" },
]
sdist = { url = "https://files.pythonhosted.org/packages/08/ba/45911d754e8eba3d5a841a5ce61a65a685ff1798421ac054f85aa8747dfb/pytest-8.4.1.tar.gz", hash = "sha256:7c67fd69174877359ed9371ec3af8a3d2b04741818c51e5e99cc1742251fa93c", size = 1517714, upload-time = "2025-06-18T05:48:06.109Z" }
wheels = [
    { url = "https://files.pythonhosted.org/packages/29/16/c8a903f4c4dffe7a12843191437d7cd8e32751d5de349d45d3fe69544e87/pytest-8.4.1-py3-none-any.whl", hash = "sha256:539c70ba6fcead8e78eebbf1115e8b589e7565830d7d006a8723f19ac8a0afb7", size = 365474, upload-time = "2025-06-18T05:48:03.955Z" },
]

[[package]]
name = "python-xlib"
version = "0.33"
source = { registry = "https://pypi.org/simple" }
dependencies = [
    { name = "six" },
]
sdist = { url = "https://files.pythonhosted.org/packages/86/f5/8c0653e5bb54e0cbdfe27bf32d41f27bc4e12faa8742778c17f2a71be2c0/python-xlib-0.33.tar.gz", hash = "sha256:55af7906a2c75ce6cb280a584776080602444f75815a7aff4d287bb2d7018b32", size = 269068, upload-time = "2022-12-25T18:53:00.824Z" }
wheels = [
    { url = "https://files.pythonhosted.org/packages/fc/b8/ff33610932e0ee81ae7f1269c890f697d56ff74b9f5b2ee5d9b7fa2c5355/python_xlib-0.33-py2.py3-none-any.whl", hash = "sha256:c3534038d42e0df2f1392a1b30a15a4ff5fdc2b86cfa94f072bf11b10a164398", size = 182185, upload-time = "2022-12-25T18:52:58.662Z" },
]

[[package]]
name = "python3-xlib"
version = "0.15"
source = { registry = "https://pypi.org/simple" }
sdist = { url = "https://files.pythonhosted.org/packages/ef/c6/2c5999de3bb1533521f1101e8fe56fd9c266732f4d48011c7c69b29d12ae/python3-xlib-0.15.tar.gz", hash = "sha256:dc4245f3ae4aa5949c1d112ee4723901ade37a96721ba9645f2bfa56e5b383f8", size = 132828, upload-time = "2014-05-31T12:28:59.603Z" }

[[package]]
name = "pytweening"
version = "1.2.0"
source = { registry = "https://pypi.org/simple" }
sdist = { url = "https://files.pythonhosted.org/packages/79/0c/c16bc93ac2755bac0066a8ecbd2a2931a1735a6fffd99a2b9681c7e83e90/pytweening-1.2.0.tar.gz", hash = "sha256:243318b7736698066c5f362ec5c2b6434ecf4297c3c8e7caa8abfe6af4cac71b", size = 171241, upload-time = "2024-02-20T03:37:56.809Z" }

[[package]]
name = "rubicon-objc"
version = "0.5.2"
source = { registry = "https://pypi.org/simple" }
sdist = { url = "https://files.pythonhosted.org/packages/a7/2f/612049b8601e810080f63f4b85acbf2ed0784349088d3c944eb288e1d487/rubicon_objc-0.5.2.tar.gz", hash = "sha256:1180593935f6a8a39c23b5f4b7baa24aedf9f7285e80804a1d9d6b50a50572f5", size = 175710, upload-time = "2025-08-07T06:12:25.194Z" }
wheels = [
    { url = "https://files.pythonhosted.org/packages/9f/a4/11ad29100060af56408ed084dca76a16d2ce8eb31b75081bfc0eec45d755/rubicon_objc-0.5.2-py3-none-any.whl", hash = "sha256:829b253c579e51fc34f4bb6587c34806e78960dcc1eb24e62b38141a1fe02b39", size = 63512, upload-time = "2025-08-07T06:12:23.766Z" },
]

[[package]]
name = "ruff"
version = "0.12.7"
source = { registry = "https://pypi.org/simple" }
sdist = { url = "https://files.pythonhosted.org/packages/a1/81/0bd3594fa0f690466e41bd033bdcdf86cba8288345ac77ad4afbe5ec743a/ruff-0.12.7.tar.gz", hash = "sha256:1fc3193f238bc2d7968772c82831a4ff69252f673be371fb49663f0068b7ec71", size = 5197814, upload-time = "2025-07-29T22:32:35.877Z" }
wheels = [
    { url = "https://files.pythonhosted.org/packages/e1/d2/6cb35e9c85e7a91e8d22ab32ae07ac39cc34a71f1009a6f9e4a2a019e602/ruff-0.12.7-py3-none-linux_armv6l.whl", hash = "sha256:76e4f31529899b8c434c3c1dede98c4483b89590e15fb49f2d46183801565303", size = 11852189, upload-time = "2025-07-29T22:31:41.281Z" },
    { url = "https://files.pythonhosted.org/packages/63/5b/a4136b9921aa84638f1a6be7fb086f8cad0fde538ba76bda3682f2599a2f/ruff-0.12.7-py3-none-macosx_10_12_x86_64.whl", hash = "sha256:789b7a03e72507c54fb3ba6209e4bb36517b90f1a3569ea17084e3fd295500fb", size = 12519389, upload-time = "2025-07-29T22:31:54.265Z" },
    { url = "https://files.pythonhosted.org/packages/a8/c9/3e24a8472484269b6b1821794141f879c54645a111ded4b6f58f9ab0705f/ruff-0.12.7-py3-none-macosx_11_0_arm64.whl", hash = "sha256:2e1c2a3b8626339bb6369116e7030a4cf194ea48f49b64bb505732a7fce4f4e3", size = 11743384, upload-time = "2025-07-29T22:31:59.575Z" },
    { url = "https://files.pythonhosted.org/packages/26/7c/458dd25deeb3452c43eaee853c0b17a1e84169f8021a26d500ead77964fd/ruff-0.12.7-py3-none-manylinux_2_17_aarch64.manylinux2014_aarch64.whl", hash = "sha256:32dec41817623d388e645612ec70d5757a6d9c035f3744a52c7b195a57e03860", size = 11943759, upload-time = "2025-07-29T22:32:01.95Z" },
    { url = "https://files.pythonhosted.org/packages/7f/8b/658798472ef260ca050e400ab96ef7e85c366c39cf3dfbef4d0a46a528b6/ruff-0.12.7-py3-none-manylinux_2_17_armv7l.manylinux2014_armv7l.whl", hash = "sha256:47ef751f722053a5df5fa48d412dbb54d41ab9b17875c6840a58ec63ff0c247c", size = 11654028, upload-time = "2025-07-29T22:32:04.367Z" },
    { url = "https://files.pythonhosted.org/packages/a8/86/9c2336f13b2a3326d06d39178fd3448dcc7025f82514d1b15816fe42bfe8/ruff-0.12.7-py3-none-manylinux_2_17_i686.manylinux2014_i686.whl", hash = "sha256:a828a5fc25a3efd3e1ff7b241fd392686c9386f20e5ac90aa9234a5faa12c423", size = 13225209, upload-time = "2025-07-29T22:32:06.952Z" },
    { url = "https://files.pythonhosted.org/packages/76/69/df73f65f53d6c463b19b6b312fd2391dc36425d926ec237a7ed028a90fc1/ruff-0.12.7-py3-none-manylinux_2_17_ppc64.manylinux2014_ppc64.whl", hash = "sha256:5726f59b171111fa6a69d82aef48f00b56598b03a22f0f4170664ff4d8298efb", size = 14182353, upload-time = "2025-07-29T22:32:10.053Z" },
    { url = "https://files.pythonhosted.org/packages/58/1e/de6cda406d99fea84b66811c189b5ea139814b98125b052424b55d28a41c/ruff-0.12.7-py3-none-manylinux_2_17_ppc64le.manylinux2014_ppc64le.whl", hash = "sha256:74e6f5c04c4dd4aba223f4fe6e7104f79e0eebf7d307e4f9b18c18362124bccd", size = 13631555, upload-time = "2025-07-29T22:32:12.644Z" },
    { url = "https://files.pythonhosted.org/packages/6f/ae/625d46d5164a6cc9261945a5e89df24457dc8262539ace3ac36c40f0b51e/ruff-0.12.7-py3-none-manylinux_2_17_s390x.manylinux2014_s390x.whl", hash = "sha256:5d0bfe4e77fba61bf2ccadf8cf005d6133e3ce08793bbe870dd1c734f2699a3e", size = 12667556, upload-time = "2025-07-29T22:32:15.312Z" },
    { url = "https://files.pythonhosted.org/packages/55/bf/9cb1ea5e3066779e42ade8d0cd3d3b0582a5720a814ae1586f85014656b6/ruff-0.12.7-py3-none-manylinux_2_17_x86_64.manylinux2014_x86_64.whl", hash = "sha256:06bfb01e1623bf7f59ea749a841da56f8f653d641bfd046edee32ede7ff6c606", size = 12939784, upload-time = "2025-07-29T22:32:17.69Z" },
    { url = "https://files.pythonhosted.org/packages/55/7f/7ead2663be5627c04be83754c4f3096603bf5e99ed856c7cd29618c691bd/ruff-0.12.7-py3-none-musllinux_1_2_aarch64.whl", hash = "sha256:e41df94a957d50083fd09b916d6e89e497246698c3f3d5c681c8b3e7b9bb4ac8", size = 11771356, upload-time = "2025-07-29T22:32:20.134Z" },
    { url = "https://files.pythonhosted.org/packages/17/40/a95352ea16edf78cd3a938085dccc55df692a4d8ba1b3af7accbe2c806b0/ruff-0.12.7-py3-none-musllinux_1_2_armv7l.whl", hash = "sha256:4000623300563c709458d0ce170c3d0d788c23a058912f28bbadc6f905d67afa", size = 11612124, upload-time = "2025-07-29T22:32:22.645Z" },
    { url = "https://files.pythonhosted.org/packages/4d/74/633b04871c669e23b8917877e812376827c06df866e1677f15abfadc95cb/ruff-0.12.7-py3-none-musllinux_1_2_i686.whl", hash = "sha256:69ffe0e5f9b2cf2b8e289a3f8945b402a1b19eff24ec389f45f23c42a3dd6fb5", size = 12479945, upload-time = "2025-07-29T22:32:24.765Z" },
    { url = "https://files.pythonhosted.org/packages/be/34/c3ef2d7799c9778b835a76189c6f53c179d3bdebc8c65288c29032e03613/ruff-0.12.7-py3-none-musllinux_1_2_x86_64.whl", hash = "sha256:a07a5c8ffa2611a52732bdc67bf88e243abd84fe2d7f6daef3826b59abbfeda4", size = 12998677, upload-time = "2025-07-29T22:32:27.022Z" },
    { url = "https://files.pythonhosted.org/packages/77/ab/aca2e756ad7b09b3d662a41773f3edcbd262872a4fc81f920dc1ffa44541/ruff-0.12.7-py3-none-win32.whl", hash = "sha256:c928f1b2ec59fb77dfdf70e0419408898b63998789cc98197e15f560b9e77f77", size = 11756687, upload-time = "2025-07-29T22:32:29.381Z" },
    { url = "https://files.pythonhosted.org/packages/b4/71/26d45a5042bc71db22ddd8252ca9d01e9ca454f230e2996bb04f16d72799/ruff-0.12.7-py3-none-win_amd64.whl", hash = "sha256:9c18f3d707ee9edf89da76131956aba1270c6348bfee8f6c647de841eac7194f", size = 12912365, upload-time = "2025-07-29T22:32:31.517Z" },
    { url = "https://files.pythonhosted.org/packages/4c/9b/0b8aa09817b63e78d94b4977f18b1fcaead3165a5ee49251c5d5c245bb2d/ruff-0.12.7-py3-none-win_arm64.whl", hash = "sha256:dfce05101dbd11833a0776716d5d1578641b7fddb537fe7fa956ab85d1769b69", size = 11982083, upload-time = "2025-07-29T22:32:33.881Z" },
]

[[package]]
name = "six"
version = "1.17.0"
source = { registry = "https://pypi.org/simple" }
sdist = { url = "https://files.pythonhosted.org/packages/94/e7/b2c673351809dca68a0e064b6af791aa332cf192da575fd474ed7d6f16a2/six-1.17.0.tar.gz", hash = "sha256:ff70335d468e7eb6ec65b95b99d3a2836546063f63acc5171de367e834932a81", size = 34031, upload-time = "2024-12-04T17:35:28.174Z" }
wheels = [
    { url = "https://files.pythonhosted.org/packages/b7/ce/149a00dd41f10bc29e5921b496af8b574d8413afcd5e30dfa0ed46c2cc5e/six-1.17.0-py2.py3-none-any.whl", hash = "sha256:4721f391ed90541fddacab5acf947aa0d3dc7d27b2e1e8eda2be8970586c3274", size = 11050, upload-time = "2024-12-04T17:35:26.475Z" },
]

[[package]]
name = "zstandard"
version = "0.23.0"
source = { registry = "https://pypi.org/simple" }
dependencies = [
    { name = "cffi", marker = "platform_python_implementation == 'PyPy'" },
]
sdist = { url = "https://files.pythonhosted.org/packages/ed/f6/2ac0287b442160a89d726b17a9184a4c615bb5237db763791a7fd16d9df1/zstandard-0.23.0.tar.gz", hash = "sha256:b2d8c62d08e7255f68f7a740bae85b3c9b8e5466baa9cbf7f57f1cde0ac6bc09", size = 681701, upload-time = "2024-07-15T00:18:06.141Z" }
wheels = [
    { url = "https://files.pythonhosted.org/packages/80/f1/8386f3f7c10261fe85fbc2c012fdb3d4db793b921c9abcc995d8da1b7a80/zstandard-0.23.0-cp313-cp313-macosx_10_13_x86_64.whl", hash = "sha256:576856e8594e6649aee06ddbfc738fec6a834f7c85bf7cadd1c53d4a58186ef9", size = 788975, upload-time = "2024-07-15T00:16:16.005Z" },
    { url = "https://files.pythonhosted.org/packages/16/e8/cbf01077550b3e5dc86089035ff8f6fbbb312bc0983757c2d1117ebba242/zstandard-0.23.0-cp313-cp313-macosx_11_0_arm64.whl", hash = "sha256:38302b78a850ff82656beaddeb0bb989a0322a8bbb1bf1ab10c17506681d772a", size = 633448, upload-time = "2024-07-15T00:16:17.897Z" },
    { url = "https://files.pythonhosted.org/packages/06/27/4a1b4c267c29a464a161aeb2589aff212b4db653a1d96bffe3598f3f0d22/zstandard-0.23.0-cp313-cp313-manylinux_2_17_aarch64.manylinux2014_aarch64.whl", hash = "sha256:d2240ddc86b74966c34554c49d00eaafa8200a18d3a5b6ffbf7da63b11d74ee2", size = 4945269, upload-time = "2024-07-15T00:16:20.136Z" },
    { url = "https://files.pythonhosted.org/packages/7c/64/d99261cc57afd9ae65b707e38045ed8269fbdae73544fd2e4a4d50d0ed83/zstandard-0.23.0-cp313-cp313-manylinux_2_17_ppc64le.manylinux2014_ppc64le.whl", hash = "sha256:2ef230a8fd217a2015bc91b74f6b3b7d6522ba48be29ad4ea0ca3a3775bf7dd5", size = 5306228, upload-time = "2024-07-15T00:16:23.398Z" },
    { url = "https://files.pythonhosted.org/packages/7a/cf/27b74c6f22541f0263016a0fd6369b1b7818941de639215c84e4e94b2a1c/zstandard-0.23.0-cp313-cp313-manylinux_2_17_s390x.manylinux2014_s390x.whl", hash = "sha256:774d45b1fac1461f48698a9d4b5fa19a69d47ece02fa469825b442263f04021f", size = 5336891, upload-time = "2024-07-15T00:16:26.391Z" },
    { url = "https://files.pythonhosted.org/packages/fa/18/89ac62eac46b69948bf35fcd90d37103f38722968e2981f752d69081ec4d/zstandard-0.23.0-cp313-cp313-manylinux_2_17_x86_64.manylinux2014_x86_64.whl", hash = "sha256:6f77fa49079891a4aab203d0b1744acc85577ed16d767b52fc089d83faf8d8ed", size = 5436310, upload-time = "2024-07-15T00:16:29.018Z" },
    { url = "https://files.pythonhosted.org/packages/a8/a8/5ca5328ee568a873f5118d5b5f70d1f36c6387716efe2e369010289a5738/zstandard-0.23.0-cp313-cp313-manylinux_2_5_i686.manylinux1_i686.manylinux_2_17_i686.manylinux2014_i686.whl", hash = "sha256:ac184f87ff521f4840e6ea0b10c0ec90c6b1dcd0bad2f1e4a9a1b4fa177982ea", size = 4859912, upload-time = "2024-07-15T00:16:31.871Z" },
    { url = "https://files.pythonhosted.org/packages/ea/ca/3781059c95fd0868658b1cf0440edd832b942f84ae60685d0cfdb808bca1/zstandard-0.23.0-cp313-cp313-musllinux_1_1_aarch64.whl", hash = "sha256:c363b53e257246a954ebc7c488304b5592b9c53fbe74d03bc1c64dda153fb847", size = 4936946, upload-time = "2024-07-15T00:16:34.593Z" },
    { url = "https://files.pythonhosted.org/packages/ce/11/41a58986f809532742c2b832c53b74ba0e0a5dae7e8ab4642bf5876f35de/zstandard-0.23.0-cp313-cp313-musllinux_1_1_x86_64.whl", hash = "sha256:e7792606d606c8df5277c32ccb58f29b9b8603bf83b48639b7aedf6df4fe8171", size = 5466994, upload-time = "2024-07-15T00:16:36.887Z" },
    { url = "https://files.pythonhosted.org/packages/83/e3/97d84fe95edd38d7053af05159465d298c8b20cebe9ccb3d26783faa9094/zstandard-0.23.0-cp313-cp313-musllinux_1_2_aarch64.whl", hash = "sha256:a0817825b900fcd43ac5d05b8b3079937073d2b1ff9cf89427590718b70dd840", size = 4848681, upload-time = "2024-07-15T00:16:39.709Z" },
    { url = "https://files.pythonhosted.org/packages/6e/99/cb1e63e931de15c88af26085e3f2d9af9ce53ccafac73b6e48418fd5a6e6/zstandard-0.23.0-cp313-cp313-musllinux_1_2_i686.whl", hash = "sha256:9da6bc32faac9a293ddfdcb9108d4b20416219461e4ec64dfea8383cac186690", size = 4694239, upload-time = "2024-07-15T00:16:41.83Z" },
    { url = "https://files.pythonhosted.org/packages/ab/50/b1e703016eebbc6501fc92f34db7b1c68e54e567ef39e6e59cf5fb6f2ec0/zstandard-0.23.0-cp313-cp313-musllinux_1_2_ppc64le.whl", hash = "sha256:fd7699e8fd9969f455ef2926221e0233f81a2542921471382e77a9e2f2b57f4b", size = 5200149, upload-time = "2024-07-15T00:16:44.287Z" },
    { url = "https://files.pythonhosted.org/packages/aa/e0/932388630aaba70197c78bdb10cce2c91fae01a7e553b76ce85471aec690/zstandard-0.23.0-cp313-cp313-musllinux_1_2_s390x.whl", hash = "sha256:d477ed829077cd945b01fc3115edd132c47e6540ddcd96ca169facff28173057", size = 5655392, upload-time = "2024-07-15T00:16:46.423Z" },
    { url = "https://files.pythonhosted.org/packages/02/90/2633473864f67a15526324b007a9f96c96f56d5f32ef2a56cc12f9548723/zstandard-0.23.0-cp313-cp313-musllinux_1_2_x86_64.whl", hash = "sha256:fa6ce8b52c5987b3e34d5674b0ab529a4602b632ebab0a93b07bfb4dfc8f8a33", size = 5191299, upload-time = "2024-07-15T00:16:49.053Z" },
    { url = "https://files.pythonhosted.org/packages/b0/4c/315ca5c32da7e2dc3455f3b2caee5c8c2246074a61aac6ec3378a97b7136/zstandard-0.23.0-cp313-cp313-win32.whl", hash = "sha256:a9b07268d0c3ca5c170a385a0ab9fb7fdd9f5fd866be004c4ea39e44edce47dd", size = 430862, upload-time = "2024-07-15T00:16:51.003Z" },
    { url = "https://files.pythonhosted.org/packages/a2/bf/c6aaba098e2d04781e8f4f7c0ba3c7aa73d00e4c436bcc0cf059a66691d1/zstandard-0.23.0-cp313-cp313-win_amd64.whl", hash = "sha256:f3513916e8c645d0610815c257cbfd3242adfd5c4cfa78be514e5a3ebb42a41b", size = 495578, upload-time = "2024-07-15T00:16:53.135Z" },
]
